{
  "originHash" : "5e3c392b31a7e8b8c290190e24a581572f85f5c9cfd21b120ed203390476309e",
  "pins" : [
    {
      "identity" : "siriwaveview",
      "kind" : "remoteSourceControl",
      "location" : "https://github.com/alfianlosari/SiriWaveView.git",
      "state" : {
        "revision" : "711287cd8d6ef16b5dbcced5ead82d93d0cb3c88",
        "version" : "1.1.0"
      }
    }
  ],
  "version" : 3
}
