// !$*UTF8*$!
{
	archiveVersion = 1;
	classes = {
	};
	objectVersion = 77;
	objects = {

/* Begin PBXBuildFile section */
		F621C5D92DA3C5080099E8B1 /* SiriWaveView in Frameworks */ = {isa = PBXBuildFile; productRef = F621C5D82DA3C5080099E8B1 /* SiriWaveView */; };
		F6A2FEB12D94B8990035BF58 /* Package.swift in Resources */ = {isa = PBXBuildFile; fileRef = F6A2FE882D94B8990035BF58 /* Package.swift */; };
/* End PBXBuildFile section */

/* Begin PBXContainerItemProxy section */
		F60CCD202D79DE960086399F /* PBXContainerItemProxy */ = {
			isa = PBXContainerItemProxy;
			containerPortal = F60CCD042D79DE960086399F /* Project object */;
			proxyType = 1;
			remoteGlobalIDString = F60CCD0B2D79DE960086399F;
			remoteInfo = "The Wizard of OS";
		};
		F60CCD2A2D79DE970086399F /* PBXContainerItemProxy */ = {
			isa = PBXContainerItemProxy;
			containerPortal = F60CCD042D79DE960086399F /* Project object */;
			proxyType = 1;
			remoteGlobalIDString = F60CCD0B2D79DE960086399F;
			remoteInfo = "The Wizard of OS";
		};
/* End PBXContainerItemProxy section */

/* Begin PBXFileReference section */
		F60CCD0C2D79DE960086399F /* The Wizard of OS.app */ = {isa = PBXFileReference; explicitFileType = wrapper.application; includeInIndex = 0; path = "The Wizard of OS.app"; sourceTree = BUILT_PRODUCTS_DIR; };
		F60CCD1F2D79DE960086399F /* The Wizard of OSTests.xctest */ = {isa = PBXFileReference; explicitFileType = wrapper.cfbundle; includeInIndex = 0; path = "The Wizard of OSTests.xctest"; sourceTree = BUILT_PRODUCTS_DIR; };
		F60CCD292D79DE960086399F /* The Wizard of OSUITests.xctest */ = {isa = PBXFileReference; explicitFileType = wrapper.cfbundle; includeInIndex = 0; path = "The Wizard of OSUITests.xctest"; sourceTree = BUILT_PRODUCTS_DIR; };
		F6A2FE882D94B8990035BF58 /* Package.swift */ = {isa = PBXFileReference; lastKnownFileType = sourcecode.swift; path = Package.swift; sourceTree = "<group>"; };
/* End PBXFileReference section */

/* Begin PBXFileSystemSynchronizedBuildFileExceptionSet section */
		F6A2FF832D94BBF20035BF58 /* Exceptions for "The Wizard of OS" folder in "The Wizard of OS" target */ = {
			isa = PBXFileSystemSynchronizedBuildFileExceptionSet;
			membershipExceptions = (
				Models/ViewModels/test.swift,
			);
			target = F60CCD0B2D79DE960086399F /* The Wizard of OS */;
		};
		F6A2FF862D94BBF20035BF58 /* Exceptions for "The Wizard of OSTests" folder in "The Wizard of OSTests" target */ = {
			isa = PBXFileSystemSynchronizedBuildFileExceptionSet;
			membershipExceptions = (
				Info.plist,
				The_Wizard_of_OSTests.swift,
			);
			target = F60CCD1E2D79DE960086399F /* The Wizard of OSTests */;
		};
		F6A2FF872D94BBF20035BF58 /* Exceptions for "The Wizard of OSUITests" folder in "The Wizard of OSUITests" target */ = {
			isa = PBXFileSystemSynchronizedBuildFileExceptionSet;
			membershipExceptions = (
				The_Wizard_of_OSUITests.swift,
				The_Wizard_of_OSUITestsLaunchTests.swift,
			);
			target = F60CCD282D79DE960086399F /* The Wizard of OSUITests */;
		};
/* End PBXFileSystemSynchronizedBuildFileExceptionSet section */

/* Begin PBXFileSystemSynchronizedGroupBuildPhaseMembershipExceptionSet section */
		F6A2FF852D94BBF20035BF58 /* Exceptions for "The Wizard of OS" folder in "Copy Bundle Resources" phase from "The Wizard of OS" target */ = {
			isa = PBXFileSystemSynchronizedGroupBuildPhaseMembershipExceptionSet;
			buildPhase = F60CCD0A2D79DE960086399F /* Resources */;
			membershipExceptions = (
				Models/ViewModels/test.swift,
			);
		};
/* End PBXFileSystemSynchronizedGroupBuildPhaseMembershipExceptionSet section */

/* Begin PBXFileSystemSynchronizedRootGroup section */
		F6A2FF532D94BBF20035BF58 /* The Wizard of OS */ = {
			isa = PBXFileSystemSynchronizedRootGroup;
			exceptions = (
				F6A2FF832D94BBF20035BF58 /* Exceptions for "The Wizard of OS" folder in "The Wizard of OS" target */,
				F6A2FF852D94BBF20035BF58 /* Exceptions for "The Wizard of OS" folder in "Copy Bundle Resources" phase from "The Wizard of OS" target */,
			);
			path = "The Wizard of OS";
			sourceTree = "<group>";
		};
		F6A2FF572D94BBF20035BF58 /* The Wizard of OSTests */ = {
			isa = PBXFileSystemSynchronizedRootGroup;
			exceptions = (
				F6A2FF862D94BBF20035BF58 /* Exceptions for "The Wizard of OSTests" folder in "The Wizard of OSTests" target */,
			);
			path = "The Wizard of OSTests";
			sourceTree = "<group>";
		};
		F6A2FF5A2D94BBF20035BF58 /* The Wizard of OSUITests */ = {
			isa = PBXFileSystemSynchronizedRootGroup;
			exceptions = (
				F6A2FF872D94BBF20035BF58 /* Exceptions for "The Wizard of OSUITests" folder in "The Wizard of OSUITests" target */,
			);
			path = "The Wizard of OSUITests";
			sourceTree = "<group>";
		};
/* End PBXFileSystemSynchronizedRootGroup section */

/* Begin PBXFrameworksBuildPhase section */
		F60CCD092D79DE960086399F /* Frameworks */ = {
			isa = PBXFrameworksBuildPhase;
			buildActionMask = 2147483647;
			files = (
				F621C5D92DA3C5080099E8B1 /* SiriWaveView in Frameworks */,
			);
			runOnlyForDeploymentPostprocessing = 0;
		};
		F60CCD1C2D79DE960086399F /* Frameworks */ = {
			isa = PBXFrameworksBuildPhase;
			buildActionMask = 2147483647;
			files = (
			);
			runOnlyForDeploymentPostprocessing = 0;
		};
		F60CCD262D79DE960086399F /* Frameworks */ = {
			isa = PBXFrameworksBuildPhase;
			buildActionMask = 2147483647;
			files = (
			);
			runOnlyForDeploymentPostprocessing = 0;
		};
/* End PBXFrameworksBuildPhase section */

/* Begin PBXGroup section */
		F60CCD032D79DE960086399F = {
			isa = PBXGroup;
			children = (
				F6A2FE882D94B8990035BF58 /* Package.swift */,
				F670FA6C2D8346A30004B7BC /* Frameworks */,
				F60CCD0D2D79DE960086399F /* Products */,
				F6A2FF532D94BBF20035BF58 /* The Wizard of OS */,
				F6A2FF572D94BBF20035BF58 /* The Wizard of OSTests */,
				F6A2FF5A2D94BBF20035BF58 /* The Wizard of OSUITests */,
			);
			sourceTree = "<group>";
		};
		F60CCD0D2D79DE960086399F /* Products */ = {
			isa = PBXGroup;
			children = (
				F60CCD0C2D79DE960086399F /* The Wizard of OS.app */,
				F60CCD1F2D79DE960086399F /* The Wizard of OSTests.xctest */,
				F60CCD292D79DE960086399F /* The Wizard of OSUITests.xctest */,
			);
			name = Products;
			sourceTree = "<group>";
		};
		F670FA6C2D8346A30004B7BC /* Frameworks */ = {
			isa = PBXGroup;
			children = (
			);
			name = Frameworks;
			sourceTree = "<group>";
		};
/* End PBXGroup section */

/* Begin PBXNativeTarget section */
		F60CCD0B2D79DE960086399F /* The Wizard of OS */ = {
			isa = PBXNativeTarget;
			buildConfigurationList = F60CCD332D79DE970086399F /* Build configuration list for PBXNativeTarget "The Wizard of OS" */;
			buildPhases = (
				F60CCD082D79DE960086399F /* Sources */,
				F60CCD092D79DE960086399F /* Frameworks */,
				F60CCD0A2D79DE960086399F /* Resources */,
			);
			buildRules = (
			);
			dependencies = (
			);
			fileSystemSynchronizedGroups = (
				F6A2FF532D94BBF20035BF58 /* The Wizard of OS */,
			);
			name = "The Wizard of OS";
			packageProductDependencies = (
				F621C5D82DA3C5080099E8B1 /* SiriWaveView */,
			);
			productName = "The Wizard of OS";
			productReference = F60CCD0C2D79DE960086399F /* The Wizard of OS.app */;
			productType = "com.apple.product-type.application";
		};
		F60CCD1E2D79DE960086399F /* The Wizard of OSTests */ = {
			isa = PBXNativeTarget;
			buildConfigurationList = F60CCD362D79DE970086399F /* Build configuration list for PBXNativeTarget "The Wizard of OSTests" */;
			buildPhases = (
				F60CCD1B2D79DE960086399F /* Sources */,
				F60CCD1C2D79DE960086399F /* Frameworks */,
				F60CCD1D2D79DE960086399F /* Resources */,
			);
			buildRules = (
			);
			dependencies = (
				F60CCD212D79DE960086399F /* PBXTargetDependency */,
			);
			name = "The Wizard of OSTests";
			packageProductDependencies = (
			);
			productName = "The Wizard of OSTests";
			productReference = F60CCD1F2D79DE960086399F /* The Wizard of OSTests.xctest */;
			productType = "com.apple.product-type.bundle.unit-test";
		};
		F60CCD282D79DE960086399F /* The Wizard of OSUITests */ = {
			isa = PBXNativeTarget;
			buildConfigurationList = F60CCD392D79DE970086399F /* Build configuration list for PBXNativeTarget "The Wizard of OSUITests" */;
			buildPhases = (
				F60CCD252D79DE960086399F /* Sources */,
				F60CCD262D79DE960086399F /* Frameworks */,
				F60CCD272D79DE960086399F /* Resources */,
			);
			buildRules = (
			);
			dependencies = (
				F60CCD2B2D79DE970086399F /* PBXTargetDependency */,
			);
			name = "The Wizard of OSUITests";
			packageProductDependencies = (
			);
			productName = "The Wizard of OSUITests";
			productReference = F60CCD292D79DE960086399F /* The Wizard of OSUITests.xctest */;
			productType = "com.apple.product-type.bundle.ui-testing";
		};
/* End PBXNativeTarget section */

/* Begin PBXProject section */
		F60CCD042D79DE960086399F /* Project object */ = {
			isa = PBXProject;
			attributes = {
				BuildIndependentTargetsInParallel = 1;
				KnownAssetTags = (
					New,
				);
				LastSwiftUpdateCheck = 1600;
				LastUpgradeCheck = 1600;
				TargetAttributes = {
					F60CCD0B2D79DE960086399F = {
						CreatedOnToolsVersion = 16.0;
					};
					F60CCD1E2D79DE960086399F = {
						CreatedOnToolsVersion = 16.0;
						TestTargetID = F60CCD0B2D79DE960086399F;
					};
					F60CCD282D79DE960086399F = {
						CreatedOnToolsVersion = 16.0;
						TestTargetID = F60CCD0B2D79DE960086399F;
					};
				};
			};
			buildConfigurationList = F60CCD072D79DE960086399F /* Build configuration list for PBXProject "The Wizard of OS" */;
			developmentRegion = en;
			hasScannedForEncodings = 0;
			knownRegions = (
				en,
				Base,
			);
			mainGroup = F60CCD032D79DE960086399F;
			minimizedProjectReferenceProxies = 1;
			packageReferences = (
				F602649B2DE5B5A0006469D3 /* XCRemoteSwiftPackageReference "SiriWaveView" */,
			);
			preferredProjectObjectVersion = 77;
			productRefGroup = F60CCD0D2D79DE960086399F /* Products */;
			projectDirPath = "";
			projectRoot = "";
			targets = (
				F60CCD0B2D79DE960086399F /* The Wizard of OS */,
				F60CCD1E2D79DE960086399F /* The Wizard of OSTests */,
				F60CCD282D79DE960086399F /* The Wizard of OSUITests */,
			);
		};
/* End PBXProject section */

/* Begin PBXResourcesBuildPhase section */
		F60CCD0A2D79DE960086399F /* Resources */ = {
			isa = PBXResourcesBuildPhase;
			buildActionMask = 2147483647;
			files = (
				F6A2FEB12D94B8990035BF58 /* Package.swift in Resources */,
			);
			runOnlyForDeploymentPostprocessing = 0;
		};
		F60CCD1D2D79DE960086399F /* Resources */ = {
			isa = PBXResourcesBuildPhase;
			buildActionMask = 2147483647;
			files = (
			);
			runOnlyForDeploymentPostprocessing = 0;
		};
		F60CCD272D79DE960086399F /* Resources */ = {
			isa = PBXResourcesBuildPhase;
			buildActionMask = 2147483647;
			files = (
			);
			runOnlyForDeploymentPostprocessing = 0;
		};
/* End PBXResourcesBuildPhase section */

/* Begin PBXSourcesBuildPhase section */
		F60CCD082D79DE960086399F /* Sources */ = {
			isa = PBXSourcesBuildPhase;
			buildActionMask = 2147483647;
			files = (
			);
			runOnlyForDeploymentPostprocessing = 0;
		};
		F60CCD1B2D79DE960086399F /* Sources */ = {
			isa = PBXSourcesBuildPhase;
			buildActionMask = 2147483647;
			files = (
			);
			runOnlyForDeploymentPostprocessing = 0;
		};
		F60CCD252D79DE960086399F /* Sources */ = {
			isa = PBXSourcesBuildPhase;
			buildActionMask = 2147483647;
			files = (
			);
			runOnlyForDeploymentPostprocessing = 0;
		};
/* End PBXSourcesBuildPhase section */

/* Begin PBXTargetDependency section */
		F60CCD212D79DE960086399F /* PBXTargetDependency */ = {
			isa = PBXTargetDependency;
			target = F60CCD0B2D79DE960086399F /* The Wizard of OS */;
			targetProxy = F60CCD202D79DE960086399F /* PBXContainerItemProxy */;
		};
		F60CCD2B2D79DE970086399F /* PBXTargetDependency */ = {
			isa = PBXTargetDependency;
			target = F60CCD0B2D79DE960086399F /* The Wizard of OS */;
			targetProxy = F60CCD2A2D79DE970086399F /* PBXContainerItemProxy */;
		};
/* End PBXTargetDependency section */

/* Begin XCBuildConfiguration section */
		F60CCD312D79DE970086399F /* Debug */ = {
			isa = XCBuildConfiguration;
			buildSettings = {
				ALWAYS_SEARCH_USER_PATHS = NO;
				ASSETCATALOG_COMPILER_GENERATE_SWIFT_ASSET_SYMBOL_EXTENSIONS = YES;
				CLANG_ANALYZER_NONNULL = YES;
				CLANG_ANALYZER_NUMBER_OBJECT_CONVERSION = YES_AGGRESSIVE;
				CLANG_CXX_LANGUAGE_STANDARD = "gnu++20";
				CLANG_ENABLE_MODULES = YES;
				CLANG_ENABLE_OBJC_ARC = YES;
				CLANG_ENABLE_OBJC_WEAK = YES;
				CLANG_WARN_BLOCK_CAPTURE_AUTORELEASING = YES;
				CLANG_WARN_BOOL_CONVERSION = YES;
				CLANG_WARN_COMMA = YES;
				CLANG_WARN_CONSTANT_CONVERSION = YES;
				CLANG_WARN_DEPRECATED_OBJC_IMPLEMENTATIONS = YES;
				CLANG_WARN_DIRECT_OBJC_ISA_USAGE = YES_ERROR;
				CLANG_WARN_DOCUMENTATION_COMMENTS = YES;
				CLANG_WARN_EMPTY_BODY = YES;
				CLANG_WARN_ENUM_CONVERSION = YES;
				CLANG_WARN_INFINITE_RECURSION = YES;
				CLANG_WARN_INT_CONVERSION = YES;
				CLANG_WARN_NON_LITERAL_NULL_CONVERSION = YES;
				CLANG_WARN_OBJC_IMPLICIT_RETAIN_SELF = YES;
				CLANG_WARN_OBJC_LITERAL_CONVERSION = YES;
				CLANG_WARN_OBJC_ROOT_CLASS = YES_ERROR;
				CLANG_WARN_QUOTED_INCLUDE_IN_FRAMEWORK_HEADER = YES;
				CLANG_WARN_RANGE_LOOP_ANALYSIS = YES;
				CLANG_WARN_STRICT_PROTOTYPES = YES;
				CLANG_WARN_SUSPICIOUS_MOVE = YES;
				CLANG_WARN_UNGUARDED_AVAILABILITY = YES_AGGRESSIVE;
				CLANG_WARN_UNREACHABLE_CODE = YES;
				CLANG_WARN__DUPLICATE_METHOD_MATCH = YES;
				COPY_PHASE_STRIP = NO;
				DEBUG_INFORMATION_FORMAT = dwarf;
				ENABLE_STRICT_OBJC_MSGSEND = YES;
				ENABLE_TESTABILITY = YES;
				ENABLE_USER_SCRIPT_SANDBOXING = YES;
				GCC_C_LANGUAGE_STANDARD = gnu17;
				GCC_DYNAMIC_NO_PIC = NO;
				GCC_NO_COMMON_BLOCKS = YES;
				GCC_OPTIMIZATION_LEVEL = 0;
				GCC_PREPROCESSOR_DEFINITIONS = (
					"DEBUG=1",
					"$(inherited)",
				);
				GCC_WARN_64_TO_32_BIT_CONVERSION = YES;
				GCC_WARN_ABOUT_RETURN_TYPE = YES_ERROR;
				GCC_WARN_UNDECLARED_SELECTOR = YES;
				GCC_WARN_UNINITIALIZED_AUTOS = YES_AGGRESSIVE;
				GCC_WARN_UNUSED_FUNCTION = YES;
				GCC_WARN_UNUSED_VARIABLE = YES;
				GENERATE_INFOPLIST_FILE = YES;
				LOCALIZATION_PREFERS_STRING_CATALOGS = YES;
				MTL_ENABLE_DEBUG_INFO = INCLUDE_SOURCE;
				MTL_FAST_MATH = YES;
				ONLY_ACTIVE_ARCH = YES;
				SWIFT_ACTIVE_COMPILATION_CONDITIONS = "DEBUG $(inherited)";
				SWIFT_OPTIMIZATION_LEVEL = "-Onone";
			};
			name = Debug;
		};
		F60CCD322D79DE970086399F /* Release */ = {
			isa = XCBuildConfiguration;
			buildSettings = {
				ALWAYS_SEARCH_USER_PATHS = NO;
				ASSETCATALOG_COMPILER_GENERATE_SWIFT_ASSET_SYMBOL_EXTENSIONS = YES;
				CLANG_ANALYZER_NONNULL = YES;
				CLANG_ANALYZER_NUMBER_OBJECT_CONVERSION = YES_AGGRESSIVE;
				CLANG_CXX_LANGUAGE_STANDARD = "gnu++20";
				CLANG_ENABLE_MODULES = YES;
				CLANG_ENABLE_OBJC_ARC = YES;
				CLANG_ENABLE_OBJC_WEAK = YES;
				CLANG_WARN_BLOCK_CAPTURE_AUTORELEASING = YES;
				CLANG_WARN_BOOL_CONVERSION = YES;
				CLANG_WARN_COMMA = YES;
				CLANG_WARN_CONSTANT_CONVERSION = YES;
				CLANG_WARN_DEPRECATED_OBJC_IMPLEMENTATIONS = YES;
				CLANG_WARN_DIRECT_OBJC_ISA_USAGE = YES_ERROR;
				CLANG_WARN_DOCUMENTATION_COMMENTS = YES;
				CLANG_WARN_EMPTY_BODY = YES;
				CLANG_WARN_ENUM_CONVERSION = YES;
				CLANG_WARN_INFINITE_RECURSION = YES;
				CLANG_WARN_INT_CONVERSION = YES;
				CLANG_WARN_NON_LITERAL_NULL_CONVERSION = YES;
				CLANG_WARN_OBJC_IMPLICIT_RETAIN_SELF = YES;
				CLANG_WARN_OBJC_LITERAL_CONVERSION = YES;
				CLANG_WARN_OBJC_ROOT_CLASS = YES_ERROR;
				CLANG_WARN_QUOTED_INCLUDE_IN_FRAMEWORK_HEADER = YES;
				CLANG_WARN_RANGE_LOOP_ANALYSIS = YES;
				CLANG_WARN_STRICT_PROTOTYPES = YES;
				CLANG_WARN_SUSPICIOUS_MOVE = YES;
				CLANG_WARN_UNGUARDED_AVAILABILITY = YES_AGGRESSIVE;
				CLANG_WARN_UNREACHABLE_CODE = YES;
				CLANG_WARN__DUPLICATE_METHOD_MATCH = YES;
				COPY_PHASE_STRIP = NO;
				DEBUG_INFORMATION_FORMAT = "dwarf-with-dsym";
				ENABLE_NS_ASSERTIONS = NO;
				ENABLE_STRICT_OBJC_MSGSEND = YES;
				ENABLE_USER_SCRIPT_SANDBOXING = YES;
				GCC_C_LANGUAGE_STANDARD = gnu17;
				GCC_NO_COMMON_BLOCKS = YES;
				GCC_WARN_64_TO_32_BIT_CONVERSION = YES;
				GCC_WARN_ABOUT_RETURN_TYPE = YES_ERROR;
				GCC_WARN_UNDECLARED_SELECTOR = YES;
				GCC_WARN_UNINITIALIZED_AUTOS = YES_AGGRESSIVE;
				GCC_WARN_UNUSED_FUNCTION = YES;
				GCC_WARN_UNUSED_VARIABLE = YES;
				GENERATE_INFOPLIST_FILE = YES;
				LOCALIZATION_PREFERS_STRING_CATALOGS = YES;
				MTL_ENABLE_DEBUG_INFO = NO;
				MTL_FAST_MATH = YES;
				SWIFT_COMPILATION_MODE = wholemodule;
			};
			name = Release;
		};
		F60CCD342D79DE970086399F /* Debug */ = {
			isa = XCBuildConfiguration;
			buildSettings = {
				ASSETCATALOG_COMPILER_APPICON_NAME = AppIcon;
				ASSETCATALOG_COMPILER_GLOBAL_ACCENT_COLOR_NAME = AccentColor;
				CODE_SIGN_ENTITLEMENTS = "The Wizard of OS/The_Wizard_of_OS.entitlements";
				"CODE_SIGN_IDENTITY[sdk=macosx*]" = "Apple Development";
				CODE_SIGN_STYLE = Automatic;
				CURRENT_PROJECT_VERSION = 1;
				DEVELOPMENT_ASSET_PATHS = "\"The Wizard of OS/Preview Content\"";
				DEVELOPMENT_TEAM = NAS6CV73MP;
				ENABLE_HARDENED_RUNTIME = YES;
				ENABLE_PREVIEWS = YES;
				GENERATE_INFOPLIST_FILE = YES;
				INFOPLIST_FILE = "The-Wizard-of-OS-Info.plist";
				INFOPLIST_KEY_LSApplicationCategoryType = "";
				INFOPLIST_KEY_NSCalendarsUsageDescription = "This app needs calendar access to sync with iCloud.";
				INFOPLIST_KEY_NSCameraUsageDescription = "This app uses your camera to record video input.";
				INFOPLIST_KEY_NSMicrophoneUsageDescription = "This app uses your microphone to record voice input.";
				INFOPLIST_KEY_NSSpeechRecognitionUsageDescription = "This app uses speech recognition to turn your voice into text.";
				"INFOPLIST_KEY_UIApplicationSceneManifest_Generation[sdk=iphoneos*]" = YES;
				"INFOPLIST_KEY_UIApplicationSceneManifest_Generation[sdk=iphonesimulator*]" = YES;
				"INFOPLIST_KEY_UIApplicationSupportsIndirectInputEvents[sdk=iphoneos*]" = YES;
				"INFOPLIST_KEY_UIApplicationSupportsIndirectInputEvents[sdk=iphonesimulator*]" = YES;
				INFOPLIST_KEY_UILaunchScreen_Generation = YES;
				"INFOPLIST_KEY_UILaunchScreen_Generation[sdk=iphoneos*]" = YES;
				"INFOPLIST_KEY_UILaunchScreen_Generation[sdk=iphonesimulator*]" = YES;
				"INFOPLIST_KEY_UIStatusBarStyle[sdk=iphoneos*]" = UIStatusBarStyleDefault;
				"INFOPLIST_KEY_UIStatusBarStyle[sdk=iphonesimulator*]" = UIStatusBarStyleDefault;
				INFOPLIST_KEY_UISupportedInterfaceOrientations_iPad = "UIInterfaceOrientationPortrait UIInterfaceOrientationPortraitUpsideDown UIInterfaceOrientationLandscapeLeft UIInterfaceOrientationLandscapeRight";
				INFOPLIST_KEY_UISupportedInterfaceOrientations_iPhone = "UIInterfaceOrientationPortrait UIInterfaceOrientationLandscapeLeft UIInterfaceOrientationLandscapeRight";
				IPHONEOS_DEPLOYMENT_TARGET = 18.0;
				LD_RUNPATH_SEARCH_PATHS = "@executable_path/Frameworks";
				"LD_RUNPATH_SEARCH_PATHS[sdk=macosx*]" = "@executable_path/../Frameworks";
				MACOSX_DEPLOYMENT_TARGET = 14.0;
				MARKETING_VERSION = 1.0;
				PRODUCT_BUNDLE_IDENTIFIER = "com.DkVisuals.The-Wizard-of-OS";
				PRODUCT_NAME = "$(TARGET_NAME)";
				SDKROOT = auto;
				SUPPORTED_PLATFORMS = "iphoneos iphonesimulator macosx";
				SUPPORTS_MACCATALYST = NO;
				SWIFT_EMIT_LOC_STRINGS = YES;
				SWIFT_VERSION = 5.0;
				TARGETED_DEVICE_FAMILY = "1,2";
				XROS_DEPLOYMENT_TARGET = 2.0;
			};
			name = Debug;
		};
		F60CCD352D79DE970086399F /* Release */ = {
			isa = XCBuildConfiguration;
			buildSettings = {
				ASSETCATALOG_COMPILER_APPICON_NAME = AppIcon;
				ASSETCATALOG_COMPILER_GLOBAL_ACCENT_COLOR_NAME = AccentColor;
				CODE_SIGN_ENTITLEMENTS = "The Wizard of OS/The Wizard of OSRelease.entitlements";
				"CODE_SIGN_IDENTITY[sdk=macosx*]" = "Apple Development";
				CODE_SIGN_STYLE = Automatic;
				CURRENT_PROJECT_VERSION = 1;
				DEVELOPMENT_ASSET_PATHS = "\"The Wizard of OS/Preview Content\"";
				DEVELOPMENT_TEAM = NAS6CV73MP;
				ENABLE_HARDENED_RUNTIME = YES;
				ENABLE_PREVIEWS = YES;
				GENERATE_INFOPLIST_FILE = YES;
				INFOPLIST_FILE = "The-Wizard-of-OS-Info.plist";
				INFOPLIST_KEY_LSApplicationCategoryType = "";
				INFOPLIST_KEY_NSCalendarsUsageDescription = "This app needs calendar access to sync with iCloud.";
				INFOPLIST_KEY_NSCameraUsageDescription = "This app uses your camera to record video input.";
				INFOPLIST_KEY_NSMicrophoneUsageDescription = "This app uses your microphone to record voice input.";
				INFOPLIST_KEY_NSSpeechRecognitionUsageDescription = "This app uses speech recognition to turn your voice into text.";
				"INFOPLIST_KEY_UIApplicationSceneManifest_Generation[sdk=iphoneos*]" = YES;
				"INFOPLIST_KEY_UIApplicationSceneManifest_Generation[sdk=iphonesimulator*]" = YES;
				"INFOPLIST_KEY_UIApplicationSupportsIndirectInputEvents[sdk=iphoneos*]" = YES;
				"INFOPLIST_KEY_UIApplicationSupportsIndirectInputEvents[sdk=iphonesimulator*]" = YES;
				INFOPLIST_KEY_UILaunchScreen_Generation = YES;
				"INFOPLIST_KEY_UILaunchScreen_Generation[sdk=iphoneos*]" = YES;
				"INFOPLIST_KEY_UILaunchScreen_Generation[sdk=iphonesimulator*]" = YES;
				"INFOPLIST_KEY_UIStatusBarStyle[sdk=iphoneos*]" = UIStatusBarStyleDefault;
				"INFOPLIST_KEY_UIStatusBarStyle[sdk=iphonesimulator*]" = UIStatusBarStyleDefault;
				INFOPLIST_KEY_UISupportedInterfaceOrientations_iPad = "UIInterfaceOrientationPortrait UIInterfaceOrientationPortraitUpsideDown UIInterfaceOrientationLandscapeLeft UIInterfaceOrientationLandscapeRight";
				INFOPLIST_KEY_UISupportedInterfaceOrientations_iPhone = "UIInterfaceOrientationPortrait UIInterfaceOrientationLandscapeLeft UIInterfaceOrientationLandscapeRight";
				IPHONEOS_DEPLOYMENT_TARGET = 18.0;
				LD_RUNPATH_SEARCH_PATHS = "@executable_path/Frameworks";
				"LD_RUNPATH_SEARCH_PATHS[sdk=macosx*]" = "@executable_path/../Frameworks";
				MACOSX_DEPLOYMENT_TARGET = 14.0;
				MARKETING_VERSION = 1.0;
				PRODUCT_BUNDLE_IDENTIFIER = "com.DkVisuals.The-Wizard-of-OS";
				PRODUCT_NAME = "$(TARGET_NAME)";
				SDKROOT = auto;
				SUPPORTED_PLATFORMS = "iphoneos iphonesimulator macosx";
				SUPPORTS_MACCATALYST = NO;
				SWIFT_EMIT_LOC_STRINGS = YES;
				SWIFT_VERSION = 5.0;
				TARGETED_DEVICE_FAMILY = "1,2";
				XROS_DEPLOYMENT_TARGET = 2.0;
			};
			name = Release;
		};
		F60CCD372D79DE970086399F /* Debug */ = {
			isa = XCBuildConfiguration;
			buildSettings = {
				BUNDLE_LOADER = "$(TEST_HOST)";
				CODE_SIGN_STYLE = Automatic;
				CURRENT_PROJECT_VERSION = 1;
				DEVELOPMENT_TEAM = NAS6CV73MP;
				GENERATE_INFOPLIST_FILE = YES;
				IPHONEOS_DEPLOYMENT_TARGET = 18.0;
				MACOSX_DEPLOYMENT_TARGET = 15.0;
				MARKETING_VERSION = 1.0;
				PRODUCT_BUNDLE_IDENTIFIER = "com.DkVisuals.The-Wizard-of-OSTests";
				PRODUCT_NAME = "$(TARGET_NAME)";
				SDKROOT = auto;
				SUPPORTED_PLATFORMS = "iphoneos iphonesimulator macosx xros xrsimulator";
				SWIFT_EMIT_LOC_STRINGS = NO;
				SWIFT_VERSION = 5.0;
				TARGETED_DEVICE_FAMILY = "1,2,7";
				TEST_HOST = "$(BUILT_PRODUCTS_DIR)/The Wizard of OS.app/$(BUNDLE_EXECUTABLE_FOLDER_PATH)/The Wizard of OS";
				XROS_DEPLOYMENT_TARGET = 2.0;
			};
			name = Debug;
		};
		F60CCD382D79DE970086399F /* Release */ = {
			isa = XCBuildConfiguration;
			buildSettings = {
				BUNDLE_LOADER = "$(TEST_HOST)";
				CODE_SIGN_STYLE = Automatic;
				CURRENT_PROJECT_VERSION = 1;
				DEVELOPMENT_TEAM = NAS6CV73MP;
				GENERATE_INFOPLIST_FILE = YES;
				IPHONEOS_DEPLOYMENT_TARGET = 18.0;
				MACOSX_DEPLOYMENT_TARGET = 15.0;
				MARKETING_VERSION = 1.0;
				PRODUCT_BUNDLE_IDENTIFIER = "com.DkVisuals.The-Wizard-of-OSTests";
				PRODUCT_NAME = "$(TARGET_NAME)";
				SDKROOT = auto;
				SUPPORTED_PLATFORMS = "iphoneos iphonesimulator macosx xros xrsimulator";
				SWIFT_EMIT_LOC_STRINGS = NO;
				SWIFT_VERSION = 5.0;
				TARGETED_DEVICE_FAMILY = "1,2,7";
				TEST_HOST = "$(BUILT_PRODUCTS_DIR)/The Wizard of OS.app/$(BUNDLE_EXECUTABLE_FOLDER_PATH)/The Wizard of OS";
				XROS_DEPLOYMENT_TARGET = 2.0;
			};
			name = Release;
		};
		F60CCD3A2D79DE970086399F /* Debug */ = {
			isa = XCBuildConfiguration;
			buildSettings = {
				CODE_SIGN_STYLE = Automatic;
				CURRENT_PROJECT_VERSION = 1;
				DEVELOPMENT_TEAM = NAS6CV73MP;
				GENERATE_INFOPLIST_FILE = YES;
				IPHONEOS_DEPLOYMENT_TARGET = 18.0;
				MACOSX_DEPLOYMENT_TARGET = 15.0;
				MARKETING_VERSION = 1.0;
				PRODUCT_BUNDLE_IDENTIFIER = "com.DkVisuals.The-Wizard-of-OSUITests";
				PRODUCT_NAME = "$(TARGET_NAME)";
				SDKROOT = auto;
				SUPPORTED_PLATFORMS = "iphoneos iphonesimulator macosx xros xrsimulator";
				SWIFT_EMIT_LOC_STRINGS = NO;
				SWIFT_VERSION = 5.0;
				TARGETED_DEVICE_FAMILY = "1,2,7";
				TEST_TARGET_NAME = "The Wizard of OS";
				XROS_DEPLOYMENT_TARGET = 2.0;
			};
			name = Debug;
		};
		F60CCD3B2D79DE970086399F /* Release */ = {
			isa = XCBuildConfiguration;
			buildSettings = {
				CODE_SIGN_STYLE = Automatic;
				CURRENT_PROJECT_VERSION = 1;
				DEVELOPMENT_TEAM = NAS6CV73MP;
				GENERATE_INFOPLIST_FILE = YES;
				IPHONEOS_DEPLOYMENT_TARGET = 18.0;
				MACOSX_DEPLOYMENT_TARGET = 15.0;
				MARKETING_VERSION = 1.0;
				PRODUCT_BUNDLE_IDENTIFIER = "com.DkVisuals.The-Wizard-of-OSUITests";
				PRODUCT_NAME = "$(TARGET_NAME)";
				SDKROOT = auto;
				SUPPORTED_PLATFORMS = "iphoneos iphonesimulator macosx xros xrsimulator";
				SWIFT_EMIT_LOC_STRINGS = NO;
				SWIFT_VERSION = 5.0;
				TARGETED_DEVICE_FAMILY = "1,2,7";
				TEST_TARGET_NAME = "The Wizard of OS";
				XROS_DEPLOYMENT_TARGET = 2.0;
			};
			name = Release;
		};
/* End XCBuildConfiguration section */

/* Begin XCConfigurationList section */
		F60CCD072D79DE960086399F /* Build configuration list for PBXProject "The Wizard of OS" */ = {
			isa = XCConfigurationList;
			buildConfigurations = (
				F60CCD312D79DE970086399F /* Debug */,
				F60CCD322D79DE970086399F /* Release */,
			);
			defaultConfigurationIsVisible = 0;
			defaultConfigurationName = Release;
		};
		F60CCD332D79DE970086399F /* Build configuration list for PBXNativeTarget "The Wizard of OS" */ = {
			isa = XCConfigurationList;
			buildConfigurations = (
				F60CCD342D79DE970086399F /* Debug */,
				F60CCD352D79DE970086399F /* Release */,
			);
			defaultConfigurationIsVisible = 0;
			defaultConfigurationName = Release;
		};
		F60CCD362D79DE970086399F /* Build configuration list for PBXNativeTarget "The Wizard of OSTests" */ = {
			isa = XCConfigurationList;
			buildConfigurations = (
				F60CCD372D79DE970086399F /* Debug */,
				F60CCD382D79DE970086399F /* Release */,
			);
			defaultConfigurationIsVisible = 0;
			defaultConfigurationName = Release;
		};
		F60CCD392D79DE970086399F /* Build configuration list for PBXNativeTarget "The Wizard of OSUITests" */ = {
			isa = XCConfigurationList;
			buildConfigurations = (
				F60CCD3A2D79DE970086399F /* Debug */,
				F60CCD3B2D79DE970086399F /* Release */,
			);
			defaultConfigurationIsVisible = 0;
			defaultConfigurationName = Release;
		};
/* End XCConfigurationList section */

/* Begin XCRemoteSwiftPackageReference section */
		F602649B2DE5B5A0006469D3 /* XCRemoteSwiftPackageReference "SiriWaveView" */ = {
			isa = XCRemoteSwiftPackageReference;
			repositoryURL = "https://github.com/alfianlosari/SiriWaveView.git";
			requirement = {
				kind = upToNextMajorVersion;
				minimumVersion = 1.1.0;
			};
		};
/* End XCRemoteSwiftPackageReference section */

/* Begin XCSwiftPackageProductDependency section */
		F621C5D82DA3C5080099E8B1 /* SiriWaveView */ = {
			isa = XCSwiftPackageProductDependency;
			productName = SiriWaveView;
		};
/* End XCSwiftPackageProductDependency section */
	};
	rootObject = F60CCD042D79DE960086399F /* Project object */;
}
