// !$*UTF8*$!
{
	archiveVersion = 1;
	classes = {
	};
	objectVersion = 77;
	objects = {

/* Begin PBXBuildFile section */
		F621C5D92DA3C5080099E8B1 /* SiriWaveView in Frameworks */ = {isa = PBXBuildFile; productRef = F621C5D82DA3C5080099E8B1 /* SiriWaveView */; };
		F687AF202DE5F96800E8BC23 /* TheWizardOfOS.xctestplan in Resources */ = {isa = PBXBuildFile; fileRef = F687AF1F2DE5F96800E8BC23 /* TheWizardOfOS.xctestplan */; };
		F6A2FEB12D94B8990035BF58 /* Package.swift in Resources */ = {isa = PBXBuildFile; fileRef = F6A2FE882D94B8990035BF58 /* Package.swift */; };
/* End PBXBuildFile section */

/* Begin PBXContainerItemProxy section */
		F6044CDF2DE5FF0B00FBB376 /* PBXContainerItemProxy */ = {
			isa = PBXContainerItemProxy;
			containerPortal = F60CCD042D79DE960086399F /* Project object */;
			proxyType = 1;
			remoteGlobalIDString = F60CCD0B2D79DE960086399F;
			remoteInfo = "The Wizard of OS";
		};
		F687AF292DE5FA0300E8BC23 /* PBXContainerItemProxy */ = {
			isa = PBXContainerItemProxy;
			containerPortal = F60CCD042D79DE960086399F /* Project object */;
			proxyType = 1;
			remoteGlobalIDString = F60CCD0B2D79DE960086399F;
			remoteInfo = "The Wizard of OS";
		};
/* End PBXContainerItemProxy section */

/* Begin PBXFileReference section */
		F6044CD92DE5FF0B00FBB376 /* TheWizardOfOSUITests.xctest */ = {isa = PBXFileReference; explicitFileType = wrapper.cfbundle; includeInIndex = 0; path = TheWizardOfOSUITests.xctest; sourceTree = BUILT_PRODUCTS_DIR; };
		F60CCD0C2D79DE960086399F /* TheWizardOfOS.app */ = {isa = PBXFileReference; explicitFileType = wrapper.application; includeInIndex = 0; path = TheWizardOfOS.app; sourceTree = BUILT_PRODUCTS_DIR; };
		F687AF1F2DE5F96800E8BC23 /* TheWizardOfOS.xctestplan */ = {isa = PBXFileReference; lastKnownFileType = text; path = TheWizardOfOS.xctestplan; sourceTree = "<group>"; };
		F687AF252DE5FA0300E8BC23 /* TheWizardOfOSTests.xctest */ = {isa = PBXFileReference; explicitFileType = wrapper.cfbundle; includeInIndex = 0; path = TheWizardOfOSTests.xctest; sourceTree = BUILT_PRODUCTS_DIR; };
		F6A2FE882D94B8990035BF58 /* Package.swift */ = {isa = PBXFileReference; lastKnownFileType = sourcecode.swift; path = Package.swift; sourceTree = "<group>"; };
/* End PBXFileReference section */

/* Begin PBXFileSystemSynchronizedRootGroup section */
		F6044CDA2DE5FF0B00FBB376 /* TheWizardOfOSUITests */ = {
			isa = PBXFileSystemSynchronizedRootGroup;
			path = TheWizardOfOSUITests;
			sourceTree = "<group>";
		};
		F687AF262DE5FA0300E8BC23 /* TheWizardOfOSTests */ = {
			isa = PBXFileSystemSynchronizedRootGroup;
			path = TheWizardOfOSTests;
			sourceTree = "<group>";
		};
		F6A2FF532D94BBF20035BF58 /* The Wizard of OS */ = {
			isa = PBXFileSystemSynchronizedRootGroup;
			path = "The Wizard of OS";
			sourceTree = "<group>";
		};
/* End PBXFileSystemSynchronizedRootGroup section */

/* Begin PBXFrameworksBuildPhase section */
		F6044CD62DE5FF0B00FBB376 /* Frameworks */ = {
			isa = PBXFrameworksBuildPhase;
			buildActionMask = 2147483647;
			files = (
			);
			runOnlyForDeploymentPostprocessing = 0;
		};
		F60CCD092D79DE960086399F /* Frameworks */ = {
			isa = PBXFrameworksBuildPhase;
			buildActionMask = 2147483647;
			files = (
				F621C5D92DA3C5080099E8B1 /* SiriWaveView in Frameworks */,
			);
			runOnlyForDeploymentPostprocessing = 0;
		};
		F687AF222DE5FA0300E8BC23 /* Frameworks */ = {
			isa = PBXFrameworksBuildPhase;
			buildActionMask = 2147483647;
			files = (
			);
			runOnlyForDeploymentPostprocessing = 0;
		};
/* End PBXFrameworksBuildPhase section */

/* Begin PBXGroup section */
		F60CCD032D79DE960086399F = {
			isa = PBXGroup;
			children = (
				F687AF1F2DE5F96800E8BC23 /* TheWizardOfOS.xctestplan */,
				F6A2FE882D94B8990035BF58 /* Package.swift */,
				F6A2FF532D94BBF20035BF58 /* The Wizard of OS */,
				F687AF262DE5FA0300E8BC23 /* TheWizardOfOSTests */,
				F6044CDA2DE5FF0B00FBB376 /* TheWizardOfOSUITests */,
				F670FA6C2D8346A30004B7BC /* Frameworks */,
				F60CCD0D2D79DE960086399F /* Products */,
			);
			sourceTree = "<group>";
		};
		F60CCD0D2D79DE960086399F /* Products */ = {
			isa = PBXGroup;
			children = (
				F60CCD0C2D79DE960086399F /* TheWizardOfOS.app */,
				F687AF252DE5FA0300E8BC23 /* TheWizardOfOSTests.xctest */,
				F6044CD92DE5FF0B00FBB376 /* TheWizardOfOSUITests.xctest */,
			);
			name = Products;
			sourceTree = "<group>";
		};
		F670FA6C2D8346A30004B7BC /* Frameworks */ = {
			isa = PBXGroup;
			children = (
			);
			name = Frameworks;
			sourceTree = "<group>";
		};
/* End PBXGroup section */

/* Begin PBXNativeTarget section */
		F6044CD82DE5FF0B00FBB376 /* TheWizardOfOSUITests */ = {
			isa = PBXNativeTarget;
			buildConfigurationList = F6044CE12DE5FF0B00FBB376 /* Build configuration list for PBXNativeTarget "TheWizardOfOSUITests" */;
			buildPhases = (
				F6044CD52DE5FF0B00FBB376 /* Sources */,
				F6044CD62DE5FF0B00FBB376 /* Frameworks */,
				F6044CD72DE5FF0B00FBB376 /* Resources */,
			);
			buildRules = (
			);
			dependencies = (
				F6044CE02DE5FF0B00FBB376 /* PBXTargetDependency */,
			);
			fileSystemSynchronizedGroups = (
				F6044CDA2DE5FF0B00FBB376 /* TheWizardOfOSUITests */,
			);
			name = TheWizardOfOSUITests;
			packageProductDependencies = (
			);
			productName = TheWizardOfOSUITests;
			productReference = F6044CD92DE5FF0B00FBB376 /* TheWizardOfOSUITests.xctest */;
			productType = "com.apple.product-type.bundle.ui-testing";
		};
		F60CCD0B2D79DE960086399F /* The Wizard of OS */ = {
			isa = PBXNativeTarget;
			buildConfigurationList = F60CCD332D79DE970086399F /* Build configuration list for PBXNativeTarget "The Wizard of OS" */;
			buildPhases = (
				F60CCD082D79DE960086399F /* Sources */,
				F60CCD092D79DE960086399F /* Frameworks */,
				F60CCD0A2D79DE960086399F /* Resources */,
			);
			buildRules = (
			);
			dependencies = (
			);
			fileSystemSynchronizedGroups = (
				F6A2FF532D94BBF20035BF58 /* The Wizard of OS */,
			);
			name = "The Wizard of OS";
			packageProductDependencies = (
				F621C5D82DA3C5080099E8B1 /* SiriWaveView */,
			);
			productName = "The Wizard of OS";
			productReference = F60CCD0C2D79DE960086399F /* TheWizardOfOS.app */;
			productType = "com.apple.product-type.application";
		};
		F687AF242DE5FA0300E8BC23 /* TheWizardOfOSTests */ = {
			isa = PBXNativeTarget;
			buildConfigurationList = F687AF2B2DE5FA0300E8BC23 /* Build configuration list for PBXNativeTarget "TheWizardOfOSTests" */;
			buildPhases = (
				F687AF212DE5FA0300E8BC23 /* Sources */,
				F687AF222DE5FA0300E8BC23 /* Frameworks */,
				F687AF232DE5FA0300E8BC23 /* Resources */,
			);
			buildRules = (
			);
			dependencies = (
				F687AF2A2DE5FA0300E8BC23 /* PBXTargetDependency */,
			);
			fileSystemSynchronizedGroups = (
				F687AF262DE5FA0300E8BC23 /* TheWizardOfOSTests */,
			);
			name = TheWizardOfOSTests;
			packageProductDependencies = (
			);
			productName = TheWizardOfOSTests;
			productReference = F687AF252DE5FA0300E8BC23 /* TheWizardOfOSTests.xctest */;
			productType = "com.apple.product-type.bundle.unit-test";
		};
/* End PBXNativeTarget section */

/* Begin PBXProject section */
		F60CCD042D79DE960086399F /* Project object */ = {
			isa = PBXProject;
			attributes = {
				BuildIndependentTargetsInParallel = 1;
				KnownAssetTags = (
					New,
				);
				LastSwiftUpdateCheck = 1600;
				LastUpgradeCheck = 1600;
				TargetAttributes = {
					F6044CD82DE5FF0B00FBB376 = {
						CreatedOnToolsVersion = 16.0;
						TestTargetID = F60CCD0B2D79DE960086399F;
					};
					F60CCD0B2D79DE960086399F = {
						CreatedOnToolsVersion = 16.0;
					};
					F687AF242DE5FA0300E8BC23 = {
						CreatedOnToolsVersion = 16.0;
						TestTargetID = F60CCD0B2D79DE960086399F;
					};
				};
			};
			buildConfigurationList = F60CCD072D79DE960086399F /* Build configuration list for PBXProject "The Wizard of OS" */;
			developmentRegion = en;
			hasScannedForEncodings = 0;
			knownRegions = (
				en,
				Base,
			);
			mainGroup = F60CCD032D79DE960086399F;
			minimizedProjectReferenceProxies = 1;
			packageReferences = (
				F602649B2DE5B5A0006469D3 /* XCRemoteSwiftPackageReference "SiriWaveView" */,
			);
			preferredProjectObjectVersion = 77;
			productRefGroup = F60CCD0D2D79DE960086399F /* Products */;
			projectDirPath = "";
			projectRoot = "";
			targets = (
				F60CCD0B2D79DE960086399F /* The Wizard of OS */,
				F687AF242DE5FA0300E8BC23 /* TheWizardOfOSTests */,
				F6044CD82DE5FF0B00FBB376 /* TheWizardOfOSUITests */,
			);
		};
/* End PBXProject section */

/* Begin PBXResourcesBuildPhase section */
		F6044CD72DE5FF0B00FBB376 /* Resources */ = {
			isa = PBXResourcesBuildPhase;
			buildActionMask = 2147483647;
			files = (
			);
			runOnlyForDeploymentPostprocessing = 0;
		};
		F60CCD0A2D79DE960086399F /* Resources */ = {
			isa = PBXResourcesBuildPhase;
			buildActionMask = 2147483647;
			files = (
				F687AF202DE5F96800E8BC23 /* TheWizardOfOS.xctestplan in Resources */,
				F6A2FEB12D94B8990035BF58 /* Package.swift in Resources */,
			);
			runOnlyForDeploymentPostprocessing = 0;
		};
		F687AF232DE5FA0300E8BC23 /* Resources */ = {
			isa = PBXResourcesBuildPhase;
			buildActionMask = 2147483647;
			files = (
			);
			runOnlyForDeploymentPostprocessing = 0;
		};
/* End PBXResourcesBuildPhase section */

/* Begin PBXSourcesBuildPhase section */
		F6044CD52DE5FF0B00FBB376 /* Sources */ = {
			isa = PBXSourcesBuildPhase;
			buildActionMask = 2147483647;
			files = (
			);
			runOnlyForDeploymentPostprocessing = 0;
		};
		F60CCD082D79DE960086399F /* Sources */ = {
			isa = PBXSourcesBuildPhase;
			buildActionMask = 2147483647;
			files = (
			);
			runOnlyForDeploymentPostprocessing = 0;
		};
		F687AF212DE5FA0300E8BC23 /* Sources */ = {
			isa = PBXSourcesBuildPhase;
			buildActionMask = 2147483647;
			files = (
			);
			runOnlyForDeploymentPostprocessing = 0;
		};
/* End PBXSourcesBuildPhase section */

/* Begin PBXTargetDependency section */
		F6044CE02DE5FF0B00FBB376 /* PBXTargetDependency */ = {
			isa = PBXTargetDependency;
			target = F60CCD0B2D79DE960086399F /* The Wizard of OS */;
			targetProxy = F6044CDF2DE5FF0B00FBB376 /* PBXContainerItemProxy */;
		};
		F687AF2A2DE5FA0300E8BC23 /* PBXTargetDependency */ = {
			isa = PBXTargetDependency;
			target = F60CCD0B2D79DE960086399F /* The Wizard of OS */;
			targetProxy = F687AF292DE5FA0300E8BC23 /* PBXContainerItemProxy */;
		};
/* End PBXTargetDependency section */

/* Begin XCBuildConfiguration section */
		F6044CE22DE5FF0B00FBB376 /* Debug */ = {
			isa = XCBuildConfiguration;
			buildSettings = {
				CODE_SIGN_STYLE = Automatic;
				CURRENT_PROJECT_VERSION = 1;
				DEVELOPMENT_TEAM = NAS6CV73MP;
				GENERATE_INFOPLIST_FILE = YES;
				IPHONEOS_DEPLOYMENT_TARGET = 18.0;
				MACOSX_DEPLOYMENT_TARGET = 14.6;
				MARKETING_VERSION = 1.0;
				PRODUCT_BUNDLE_IDENTIFIER = com.DkVisuals.TheWizardOfOSUITests;
				PRODUCT_NAME = "$(TARGET_NAME)";
				REGISTER_APP_GROUPS = NO;
				SDKROOT = iphoneos;
				SUPPORTED_PLATFORMS = "iphoneos iphonesimulator macosx";
				SUPPORTS_MACCATALYST = NO;
				SUPPORTS_MAC_DESIGNED_FOR_IPHONE_IPAD = NO;
				SUPPORTS_XR_DESIGNED_FOR_IPHONE_IPAD = NO;
				SWIFT_EMIT_LOC_STRINGS = NO;
				SWIFT_VERSION = 5.0;
				TARGETED_DEVICE_FAMILY = "1,2";
				TEST_TARGET_NAME = "The Wizard of OS";
			};
			name = Debug;
		};
		F6044CE32DE5FF0B00FBB376 /* Release */ = {
			isa = XCBuildConfiguration;
			buildSettings = {
				CODE_SIGN_STYLE = Automatic;
				CURRENT_PROJECT_VERSION = 1;
				DEVELOPMENT_TEAM = NAS6CV73MP;
				GENERATE_INFOPLIST_FILE = YES;
				IPHONEOS_DEPLOYMENT_TARGET = 18.0;
				MACOSX_DEPLOYMENT_TARGET = 14.6;
				MARKETING_VERSION = 1.0;
				PRODUCT_BUNDLE_IDENTIFIER = com.DkVisuals.TheWizardOfOSUITests;
				PRODUCT_NAME = "$(TARGET_NAME)";
				REGISTER_APP_GROUPS = NO;
				SDKROOT = iphoneos;
				SUPPORTED_PLATFORMS = "iphoneos iphonesimulator macosx";
				SUPPORTS_MACCATALYST = NO;
				SUPPORTS_MAC_DESIGNED_FOR_IPHONE_IPAD = NO;
				SUPPORTS_XR_DESIGNED_FOR_IPHONE_IPAD = NO;
				SWIFT_EMIT_LOC_STRINGS = NO;
				SWIFT_VERSION = 5.0;
				TARGETED_DEVICE_FAMILY = "1,2";
				TEST_TARGET_NAME = "The Wizard of OS";
				VALIDATE_PRODUCT = YES;
			};
			name = Release;
		};
		F60CCD312D79DE970086399F /* Debug */ = {
			isa = XCBuildConfiguration;
			buildSettings = {
				ALWAYS_SEARCH_USER_PATHS = NO;
				ASSETCATALOG_COMPILER_GENERATE_SWIFT_ASSET_SYMBOL_EXTENSIONS = YES;
				CLANG_ANALYZER_NONNULL = YES;
				CLANG_ANALYZER_NUMBER_OBJECT_CONVERSION = YES_AGGRESSIVE;
				CLANG_CXX_LANGUAGE_STANDARD = "gnu++20";
				CLANG_ENABLE_MODULES = YES;
				CLANG_ENABLE_OBJC_ARC = YES;
				CLANG_ENABLE_OBJC_WEAK = YES;
				CLANG_WARN_BLOCK_CAPTURE_AUTORELEASING = YES;
				CLANG_WARN_BOOL_CONVERSION = YES;
				CLANG_WARN_COMMA = YES;
				CLANG_WARN_CONSTANT_CONVERSION = YES;
				CLANG_WARN_DEPRECATED_OBJC_IMPLEMENTATIONS = YES;
				CLANG_WARN_DIRECT_OBJC_ISA_USAGE = YES_ERROR;
				CLANG_WARN_DOCUMENTATION_COMMENTS = YES;
				CLANG_WARN_EMPTY_BODY = YES;
				CLANG_WARN_ENUM_CONVERSION = YES;
				CLANG_WARN_INFINITE_RECURSION = YES;
				CLANG_WARN_INT_CONVERSION = YES;
				CLANG_WARN_NON_LITERAL_NULL_CONVERSION = YES;
				CLANG_WARN_OBJC_IMPLICIT_RETAIN_SELF = YES;
				CLANG_WARN_OBJC_LITERAL_CONVERSION = YES;
				CLANG_WARN_OBJC_ROOT_CLASS = YES_ERROR;
				CLANG_WARN_QUOTED_INCLUDE_IN_FRAMEWORK_HEADER = YES;
				CLANG_WARN_RANGE_LOOP_ANALYSIS = YES;
				CLANG_WARN_STRICT_PROTOTYPES = YES;
				CLANG_WARN_SUSPICIOUS_MOVE = YES;
				CLANG_WARN_UNGUARDED_AVAILABILITY = YES_AGGRESSIVE;
				CLANG_WARN_UNREACHABLE_CODE = YES;
				CLANG_WARN__DUPLICATE_METHOD_MATCH = YES;
				COPY_PHASE_STRIP = NO;
				DEBUG_INFORMATION_FORMAT = dwarf;
				ENABLE_STRICT_OBJC_MSGSEND = YES;
				ENABLE_TESTABILITY = YES;
				ENABLE_USER_SCRIPT_SANDBOXING = YES;
				GCC_C_LANGUAGE_STANDARD = gnu17;
				GCC_DYNAMIC_NO_PIC = NO;
				GCC_NO_COMMON_BLOCKS = YES;
				GCC_OPTIMIZATION_LEVEL = 0;
				GCC_PREPROCESSOR_DEFINITIONS = (
					"DEBUG=1",
					"$(inherited)",
				);
				GCC_WARN_64_TO_32_BIT_CONVERSION = YES;
				GCC_WARN_ABOUT_RETURN_TYPE = YES_ERROR;
				GCC_WARN_UNDECLARED_SELECTOR = YES;
				GCC_WARN_UNINITIALIZED_AUTOS = YES_AGGRESSIVE;
				GCC_WARN_UNUSED_FUNCTION = YES;
				GCC_WARN_UNUSED_VARIABLE = YES;
				GENERATE_INFOPLIST_FILE = YES;
				LOCALIZATION_PREFERS_STRING_CATALOGS = YES;
				MTL_ENABLE_DEBUG_INFO = INCLUDE_SOURCE;
				MTL_FAST_MATH = YES;
				ONLY_ACTIVE_ARCH = YES;
				SWIFT_ACTIVE_COMPILATION_CONDITIONS = "DEBUG $(inherited)";
				SWIFT_OPTIMIZATION_LEVEL = "-Onone";
			};
			name = Debug;
		};
		F60CCD322D79DE970086399F /* Release */ = {
			isa = XCBuildConfiguration;
			buildSettings = {
				ALWAYS_SEARCH_USER_PATHS = NO;
				ASSETCATALOG_COMPILER_GENERATE_SWIFT_ASSET_SYMBOL_EXTENSIONS = YES;
				CLANG_ANALYZER_NONNULL = YES;
				CLANG_ANALYZER_NUMBER_OBJECT_CONVERSION = YES_AGGRESSIVE;
				CLANG_CXX_LANGUAGE_STANDARD = "gnu++20";
				CLANG_ENABLE_MODULES = YES;
				CLANG_ENABLE_OBJC_ARC = YES;
				CLANG_ENABLE_OBJC_WEAK = YES;
				CLANG_WARN_BLOCK_CAPTURE_AUTORELEASING = YES;
				CLANG_WARN_BOOL_CONVERSION = YES;
				CLANG_WARN_COMMA = YES;
				CLANG_WARN_CONSTANT_CONVERSION = YES;
				CLANG_WARN_DEPRECATED_OBJC_IMPLEMENTATIONS = YES;
				CLANG_WARN_DIRECT_OBJC_ISA_USAGE = YES_ERROR;
				CLANG_WARN_DOCUMENTATION_COMMENTS = YES;
				CLANG_WARN_EMPTY_BODY = YES;
				CLANG_WARN_ENUM_CONVERSION = YES;
				CLANG_WARN_INFINITE_RECURSION = YES;
				CLANG_WARN_INT_CONVERSION = YES;
				CLANG_WARN_NON_LITERAL_NULL_CONVERSION = YES;
				CLANG_WARN_OBJC_IMPLICIT_RETAIN_SELF = YES;
				CLANG_WARN_OBJC_LITERAL_CONVERSION = YES;
				CLANG_WARN_OBJC_ROOT_CLASS = YES_ERROR;
				CLANG_WARN_QUOTED_INCLUDE_IN_FRAMEWORK_HEADER = YES;
				CLANG_WARN_RANGE_LOOP_ANALYSIS = YES;
				CLANG_WARN_STRICT_PROTOTYPES = YES;
				CLANG_WARN_SUSPICIOUS_MOVE = YES;
				CLANG_WARN_UNGUARDED_AVAILABILITY = YES_AGGRESSIVE;
				CLANG_WARN_UNREACHABLE_CODE = YES;
				CLANG_WARN__DUPLICATE_METHOD_MATCH = YES;
				COPY_PHASE_STRIP = NO;
				DEBUG_INFORMATION_FORMAT = "dwarf-with-dsym";
				ENABLE_NS_ASSERTIONS = NO;
				ENABLE_STRICT_OBJC_MSGSEND = YES;
				ENABLE_USER_SCRIPT_SANDBOXING = YES;
				GCC_C_LANGUAGE_STANDARD = gnu17;
				GCC_NO_COMMON_BLOCKS = YES;
				GCC_WARN_64_TO_32_BIT_CONVERSION = YES;
				GCC_WARN_ABOUT_RETURN_TYPE = YES_ERROR;
				GCC_WARN_UNDECLARED_SELECTOR = YES;
				GCC_WARN_UNINITIALIZED_AUTOS = YES_AGGRESSIVE;
				GCC_WARN_UNUSED_FUNCTION = YES;
				GCC_WARN_UNUSED_VARIABLE = YES;
				GENERATE_INFOPLIST_FILE = YES;
				LOCALIZATION_PREFERS_STRING_CATALOGS = YES;
				MTL_ENABLE_DEBUG_INFO = NO;
				MTL_FAST_MATH = YES;
				SWIFT_COMPILATION_MODE = wholemodule;
			};
			name = Release;
		};
		F60CCD342D79DE970086399F /* Debug */ = {
			isa = XCBuildConfiguration;
			buildSettings = {
				ASSETCATALOG_COMPILER_APPICON_NAME = AppIcon;
				ASSETCATALOG_COMPILER_GLOBAL_ACCENT_COLOR_NAME = AccentColor;
				CODE_SIGN_ENTITLEMENTS = "The Wizard of OS/The_Wizard_of_OS.entitlements";
				"CODE_SIGN_IDENTITY[sdk=macosx*]" = "Apple Development";
				CODE_SIGN_STYLE = Automatic;
				CURRENT_PROJECT_VERSION = 1;
				DEVELOPMENT_ASSET_PATHS = "\"The Wizard of OS/Preview Content\"";
				DEVELOPMENT_TEAM = NAS6CV73MP;
				ENABLE_HARDENED_RUNTIME = YES;
				ENABLE_PREVIEWS = YES;
				GENERATE_INFOPLIST_FILE = YES;
				INFOPLIST_FILE = "The-Wizard-of-OS-Info.plist";
				INFOPLIST_KEY_LSApplicationCategoryType = "";
				INFOPLIST_KEY_NSCalendarsUsageDescription = "This app needs calendar access to sync with iCloud.";
				INFOPLIST_KEY_NSCameraUsageDescription = "This app uses your camera to record video input.";
				INFOPLIST_KEY_NSMicrophoneUsageDescription = "This app uses your microphone to record voice input.";
				INFOPLIST_KEY_NSSpeechRecognitionUsageDescription = "This app uses speech recognition to turn your voice into text.";
				"INFOPLIST_KEY_UIApplicationSceneManifest_Generation[sdk=iphoneos*]" = YES;
				"INFOPLIST_KEY_UIApplicationSceneManifest_Generation[sdk=iphonesimulator*]" = YES;
				"INFOPLIST_KEY_UIApplicationSupportsIndirectInputEvents[sdk=iphoneos*]" = YES;
				"INFOPLIST_KEY_UIApplicationSupportsIndirectInputEvents[sdk=iphonesimulator*]" = YES;
				INFOPLIST_KEY_UILaunchScreen_Generation = YES;
				"INFOPLIST_KEY_UILaunchScreen_Generation[sdk=iphoneos*]" = YES;
				"INFOPLIST_KEY_UILaunchScreen_Generation[sdk=iphonesimulator*]" = YES;
				"INFOPLIST_KEY_UIStatusBarStyle[sdk=iphoneos*]" = UIStatusBarStyleDefault;
				"INFOPLIST_KEY_UIStatusBarStyle[sdk=iphonesimulator*]" = UIStatusBarStyleDefault;
				INFOPLIST_KEY_UISupportedInterfaceOrientations_iPad = "UIInterfaceOrientationPortrait UIInterfaceOrientationPortraitUpsideDown UIInterfaceOrientationLandscapeLeft UIInterfaceOrientationLandscapeRight";
				INFOPLIST_KEY_UISupportedInterfaceOrientations_iPhone = "UIInterfaceOrientationPortrait UIInterfaceOrientationLandscapeLeft UIInterfaceOrientationLandscapeRight";
				IPHONEOS_DEPLOYMENT_TARGET = 18.0;
				LD_RUNPATH_SEARCH_PATHS = "@executable_path/Frameworks";
				"LD_RUNPATH_SEARCH_PATHS[sdk=macosx*]" = "@executable_path/../Frameworks";
				MACOSX_DEPLOYMENT_TARGET = 14.0;
				MARKETING_VERSION = 1.0;
				PRODUCT_BUNDLE_IDENTIFIER = "com.DkVisuals.The-Wizard-of-OS";
				PRODUCT_NAME = TheWizardOfOS;
				SDKROOT = auto;
				SUPPORTED_PLATFORMS = "iphoneos iphonesimulator macosx";
				SUPPORTS_MACCATALYST = NO;
				SWIFT_EMIT_LOC_STRINGS = YES;
				SWIFT_VERSION = 5.0;
				TARGETED_DEVICE_FAMILY = "1,2";
				TEST_HOST = "$(BUILT_PRODUCTS_DIR)/TheWizardOfOS.app/Contents/MacOS/TheWizardOfOS";
				XROS_DEPLOYMENT_TARGET = 2.0;
			};
			name = Debug;
		};
		F60CCD352D79DE970086399F /* Release */ = {
			isa = XCBuildConfiguration;
			buildSettings = {
				ASSETCATALOG_COMPILER_APPICON_NAME = AppIcon;
				ASSETCATALOG_COMPILER_GLOBAL_ACCENT_COLOR_NAME = AccentColor;
				CODE_SIGN_ENTITLEMENTS = "The Wizard of OS/The Wizard of OSRelease.entitlements";
				"CODE_SIGN_IDENTITY[sdk=macosx*]" = "Apple Development";
				CODE_SIGN_STYLE = Automatic;
				CURRENT_PROJECT_VERSION = 1;
				DEVELOPMENT_ASSET_PATHS = "\"The Wizard of OS/Preview Content\"";
				DEVELOPMENT_TEAM = NAS6CV73MP;
				ENABLE_HARDENED_RUNTIME = YES;
				ENABLE_PREVIEWS = YES;
				GENERATE_INFOPLIST_FILE = YES;
				INFOPLIST_FILE = "The-Wizard-of-OS-Info.plist";
				INFOPLIST_KEY_LSApplicationCategoryType = "";
				INFOPLIST_KEY_NSCalendarsUsageDescription = "This app needs calendar access to sync with iCloud.";
				INFOPLIST_KEY_NSCameraUsageDescription = "This app uses your camera to record video input.";
				INFOPLIST_KEY_NSMicrophoneUsageDescription = "This app uses your microphone to record voice input.";
				INFOPLIST_KEY_NSSpeechRecognitionUsageDescription = "This app uses speech recognition to turn your voice into text.";
				"INFOPLIST_KEY_UIApplicationSceneManifest_Generation[sdk=iphoneos*]" = YES;
				"INFOPLIST_KEY_UIApplicationSceneManifest_Generation[sdk=iphonesimulator*]" = YES;
				"INFOPLIST_KEY_UIApplicationSupportsIndirectInputEvents[sdk=iphoneos*]" = YES;
				"INFOPLIST_KEY_UIApplicationSupportsIndirectInputEvents[sdk=iphonesimulator*]" = YES;
				INFOPLIST_KEY_UILaunchScreen_Generation = YES;
				"INFOPLIST_KEY_UILaunchScreen_Generation[sdk=iphoneos*]" = YES;
				"INFOPLIST_KEY_UILaunchScreen_Generation[sdk=iphonesimulator*]" = YES;
				"INFOPLIST_KEY_UIStatusBarStyle[sdk=iphoneos*]" = UIStatusBarStyleDefault;
				"INFOPLIST_KEY_UIStatusBarStyle[sdk=iphonesimulator*]" = UIStatusBarStyleDefault;
				INFOPLIST_KEY_UISupportedInterfaceOrientations_iPad = "UIInterfaceOrientationPortrait UIInterfaceOrientationPortraitUpsideDown UIInterfaceOrientationLandscapeLeft UIInterfaceOrientationLandscapeRight";
				INFOPLIST_KEY_UISupportedInterfaceOrientations_iPhone = "UIInterfaceOrientationPortrait UIInterfaceOrientationLandscapeLeft UIInterfaceOrientationLandscapeRight";
				IPHONEOS_DEPLOYMENT_TARGET = 18.0;
				LD_RUNPATH_SEARCH_PATHS = "@executable_path/Frameworks";
				"LD_RUNPATH_SEARCH_PATHS[sdk=macosx*]" = "@executable_path/../Frameworks";
				MACOSX_DEPLOYMENT_TARGET = 14.0;
				MARKETING_VERSION = 1.0;
				PRODUCT_BUNDLE_IDENTIFIER = "com.DkVisuals.The-Wizard-of-OS";
				PRODUCT_NAME = TheWizardOfOS;
				SDKROOT = auto;
				SUPPORTED_PLATFORMS = "iphoneos iphonesimulator macosx";
				SUPPORTS_MACCATALYST = NO;
				SWIFT_EMIT_LOC_STRINGS = YES;
				SWIFT_VERSION = 5.0;
				TARGETED_DEVICE_FAMILY = "1,2";
				TEST_HOST = "$(BUILT_PRODUCTS_DIR)/TheWizardOfOS.app/Contents/MacOS/TheWizardOfOS";
				XROS_DEPLOYMENT_TARGET = 2.0;
			};
			name = Release;
		};
		F687AF2C2DE5FA0300E8BC23 /* Debug */ = {
			isa = XCBuildConfiguration;
			buildSettings = {
				BUNDLE_LOADER = "$(TEST_HOST)";
				CODE_SIGN_STYLE = Automatic;
				CURRENT_PROJECT_VERSION = 1;
				DEVELOPMENT_TEAM = NAS6CV73MP;
				GENERATE_INFOPLIST_FILE = YES;
				IPHONEOS_DEPLOYMENT_TARGET = 18.0;
				MACOSX_DEPLOYMENT_TARGET = 14.6;
				MARKETING_VERSION = 1.0;
				PRODUCT_BUNDLE_IDENTIFIER = com.DkVisuals.TheWizardOfOSTests;
				PRODUCT_NAME = "$(TARGET_NAME)";
				REGISTER_APP_GROUPS = NO;
				SDKROOT = iphoneos;
				SUPPORTED_PLATFORMS = "iphoneos iphonesimulator macosx";
				SUPPORTS_MACCATALYST = NO;
				SUPPORTS_MAC_DESIGNED_FOR_IPHONE_IPAD = NO;
				SUPPORTS_XR_DESIGNED_FOR_IPHONE_IPAD = NO;
				SWIFT_EMIT_LOC_STRINGS = NO;
				SWIFT_VERSION = 5.0;
				TARGETED_DEVICE_FAMILY = "1,2";
				TEST_HOST = "$(BUILT_PRODUCTS_DIR)/TheWizardOfOS.app/Contents/MacOS/TheWizardOfOS";
			};
			name = Debug;
		};
		F687AF2D2DE5FA0300E8BC23 /* Release */ = {
			isa = XCBuildConfiguration;
			buildSettings = {
				BUNDLE_LOADER = "$(TEST_HOST)";
				CODE_SIGN_STYLE = Automatic;
				CURRENT_PROJECT_VERSION = 1;
				DEVELOPMENT_TEAM = NAS6CV73MP;
				GENERATE_INFOPLIST_FILE = YES;
				IPHONEOS_DEPLOYMENT_TARGET = 18.0;
				MACOSX_DEPLOYMENT_TARGET = 14.6;
				MARKETING_VERSION = 1.0;
				PRODUCT_BUNDLE_IDENTIFIER = com.DkVisuals.TheWizardOfOSTests;
				PRODUCT_NAME = "$(TARGET_NAME)";
				REGISTER_APP_GROUPS = NO;
				SDKROOT = iphoneos;
				SUPPORTED_PLATFORMS = "iphoneos iphonesimulator macosx";
				SUPPORTS_MACCATALYST = NO;
				SUPPORTS_MAC_DESIGNED_FOR_IPHONE_IPAD = NO;
				SUPPORTS_XR_DESIGNED_FOR_IPHONE_IPAD = NO;
				SWIFT_EMIT_LOC_STRINGS = NO;
				SWIFT_VERSION = 5.0;
				TARGETED_DEVICE_FAMILY = "1,2";
				TEST_HOST = "$(BUILT_PRODUCTS_DIR)/TheWizardOfOS.app/Contents/MacOS/TheWizardOfOS";
				VALIDATE_PRODUCT = YES;
			};
			name = Release;
		};
/* End XCBuildConfiguration section */

/* Begin XCConfigurationList section */
		F6044CE12DE5FF0B00FBB376 /* Build configuration list for PBXNativeTarget "TheWizardOfOSUITests" */ = {
			isa = XCConfigurationList;
			buildConfigurations = (
				F6044CE22DE5FF0B00FBB376 /* Debug */,
				F6044CE32DE5FF0B00FBB376 /* Release */,
			);
			defaultConfigurationIsVisible = 0;
			defaultConfigurationName = Release;
		};
		F60CCD072D79DE960086399F /* Build configuration list for PBXProject "The Wizard of OS" */ = {
			isa = XCConfigurationList;
			buildConfigurations = (
				F60CCD312D79DE970086399F /* Debug */,
				F60CCD322D79DE970086399F /* Release */,
			);
			defaultConfigurationIsVisible = 0;
			defaultConfigurationName = Release;
		};
		F60CCD332D79DE970086399F /* Build configuration list for PBXNativeTarget "The Wizard of OS" */ = {
			isa = XCConfigurationList;
			buildConfigurations = (
				F60CCD342D79DE970086399F /* Debug */,
				F60CCD352D79DE970086399F /* Release */,
			);
			defaultConfigurationIsVisible = 0;
			defaultConfigurationName = Release;
		};
		F687AF2B2DE5FA0300E8BC23 /* Build configuration list for PBXNativeTarget "TheWizardOfOSTests" */ = {
			isa = XCConfigurationList;
			buildConfigurations = (
				F687AF2C2DE5FA0300E8BC23 /* Debug */,
				F687AF2D2DE5FA0300E8BC23 /* Release */,
			);
			defaultConfigurationIsVisible = 0;
			defaultConfigurationName = Release;
		};
/* End XCConfigurationList section */

/* Begin XCRemoteSwiftPackageReference section */
		F602649B2DE5B5A0006469D3 /* XCRemoteSwiftPackageReference "SiriWaveView" */ = {
			isa = XCRemoteSwiftPackageReference;
			repositoryURL = "https://github.com/alfianlosari/SiriWaveView.git";
			requirement = {
				kind = upToNextMajorVersion;
				minimumVersion = 1.1.0;
			};
		};
/* End XCRemoteSwiftPackageReference section */

/* Begin XCSwiftPackageProductDependency section */
		F621C5D82DA3C5080099E8B1 /* SiriWaveView */ = {
			isa = XCSwiftPackageProductDependency;
			productName = SiriWaveView;
		};
/* End XCSwiftPackageProductDependency section */
	};
	rootObject = F60CCD042D79DE960086399F /* Project object */;
}
